
Microsoft Visual Studio Solution File, Format Version 12.00
# Visual Studio 15
VisualStudioVersion = 15.0.28010.2019
MinimumVisualStudioVersion = 10.0.40219.1
Project("{FAE04EC0-301F-11D3-BF4B-00C04F79EFBC}") = "WebVersionGenerator", "WebVersionGenerator\WebVersionGenerator.csproj", "{DA8AB050-A4F6-4C7A-B127-2A68E67EADBE}"
EndProject
Project("{FAE04EC0-301F-11D3-BF4B-00C04F79EFBC}") = "WebVersionGeneratorLibrary", "WebVersionGeneratorLibrary\WebVersionGeneratorLibrary.csproj", "{C41D6F93-4A83-452A-9648-627A4CD3F549}"
EndProject
Project("{FAE04EC0-301F-11D3-BF4B-00C04F79EFBC}") = "SquirrelLanguageTranspiler", "SquirrelLanguageTranspiler\SquirrelLanguageTranspiler.csproj", "{66415799-5BEE-4F0D-8152-13EE579FBC35}"
EndProject
Global
	GlobalSection(SolutionConfigurationPlatforms) = preSolution
		Debug|Any CPU = Debug|Any CPU
		Release|Any CPU = Release|Any CPU
	EndGlobalSection
	GlobalSection(ProjectConfigurationPlatforms) = postSolution
		{DA8AB050-A4F6-4C7A-B127-2A68E67EADBE}.Debug|Any CPU.ActiveCfg = Debug|Any CPU
		{DA8AB050-A4F6-4C7A-B127-2A68E67EADBE}.Debug|Any CPU.Build.0 = Debug|Any CPU
		{DA8AB050-A4F6-4C7A-B127-2A68E67EADBE}.Release|Any CPU.ActiveCfg = Release|Any CPU
		{DA8AB050-A4F6-4C7A-B127-2A68E67EADBE}.Release|Any CPU.Build.0 = Release|Any CPU
		{C41D6F93-4A83-452A-9648-627A4CD3F549}.Debug|Any CPU.ActiveCfg = Debug|Any CPU
		{C41D6F93-4A83-452A-9648-627A4CD3F549}.Debug|Any CPU.Build.0 = Debug|Any CPU
		{C41D6F93-4A83-452A-9648-627A4CD3F549}.Release|Any CPU.ActiveCfg = Release|Any CPU
		{C41D6F93-4A83-452A-9648-627A4CD3F549}.Release|Any CPU.Build.0 = Release|Any CPU
		{66415799-5BEE-4F0D-8152-13EE579FBC35}.Debug|Any CPU.ActiveCfg = Debug|Any CPU
		{66415799-5BEE-4F0D-8152-13EE579FBC35}.Debug|Any CPU.Build.0 = Debug|Any CPU
		{66415799-5BEE-4F0D-8152-13EE579FBC35}.Release|Any CPU.ActiveCfg = Release|Any CPU
		{66415799-5BEE-4F0D-8152-13EE579FBC35}.Release|Any CPU.Build.0 = Release|Any CPU
	EndGlobalSection
	GlobalSection(SolutionProperties) = preSolution
		HideSolutionNode = FALSE
	EndGlobalSection
	GlobalSection(ExtensibilityGlobals) = postSolution
		SolutionGuid = {85F27141-9D27-4566-8ED3-E9524D2E3D1D}
	EndGlobalSection
EndGlobal
