
Microsoft Visual Studio Solution File, Format Version 12.00
# Visual Studio 15
VisualStudioVersion = 15.0.28010.2019
MinimumVisualStudioVersion = 10.0.40219.1
Project("{FAE04EC0-301F-11D3-BF4B-00C04F79EFBC}") = "SquirrelTranspiler", "SquirrelTranspiler\SquirrelTranspiler.csproj", "{4DD1F92C-D600-479A-8254-FAE62F5ED62E}"
EndProject
Global
	GlobalSection(SolutionConfigurationPlatforms) = preSolution
		Debug|Any CPU = Debug|Any CPU
		Release|Any CPU = Release|Any CPU
	EndGlobalSection
	GlobalSection(ProjectConfigurationPlatforms) = postSolution
		{4DD1F92C-D600-479A-8254-FAE62F5ED62E}.Debug|Any CPU.ActiveCfg = Debug|Any CPU
		{4DD1F92C-D600-479A-8254-FAE62F5ED62E}.Debug|Any CPU.Build.0 = Debug|Any CPU
		{4DD1F92C-D600-479A-8254-FAE62F5ED62E}.Release|Any CPU.ActiveCfg = Release|Any CPU
		{4DD1F92C-D600-479A-8254-FAE62F5ED62E}.Release|Any CPU.Build.0 = Release|Any CPU
	EndGlobalSection
	GlobalSection(SolutionProperties) = preSolution
		HideSolutionNode = FALSE
	EndGlobalSection
	GlobalSection(ExtensibilityGlobals) = postSolution
		SolutionGuid = {6CB6E1BB-131D-47AB-813B-39F3EA8D1D57}
	EndGlobalSection
EndGlobal
